
Microsoft Visual Studio Solution File, Format Version 12.00
# Visual Studio Version 17
VisualStudioVersion = 17.7.34221.43
MinimumVisualStudioVersion = 10.0.40219.1
Project("{FAE04EC0-301F-11D3-BF4B-00C04F79EFBC}") = "NumberLink AI", "NumberLink AI\NumberLink AI.csproj", "{180191D9-EC8C-4AAA-A067-15EBA4B3FC97}"
EndProject
Global
	GlobalSection(SolutionConfigurationPlatforms) = preSolution
		Debug|Any CPU = Debug|Any CPU
		Release|Any CPU = Release|Any CPU
	EndGlobalSection
	GlobalSection(ProjectConfigurationPlatforms) = postSolution
		{180191D9-EC8C-4AAA-A067-15EBA4B3FC97}.Debug|Any CPU.ActiveCfg = Debug|Any CPU
		{180191D9-EC8C-4AAA-A067-15EBA4B3FC97}.Debug|Any CPU.Build.0 = Debug|Any CPU
		{180191D9-EC8C-4AAA-A067-15EBA4B3FC97}.Release|Any CPU.ActiveCfg = Release|Any CPU
		{180191D9-EC8C-4AAA-A067-15EBA4B3FC97}.Release|Any CPU.Build.0 = Release|Any CPU
	EndGlobalSection
	GlobalSection(SolutionProperties) = preSolution
		HideSolutionNode = FALSE
	EndGlobalSection
	GlobalSection(ExtensibilityGlobals) = postSolution
		SolutionGuid = {1B2A397F-5D32-42A2-8614-6470146230DA}
	EndGlobalSection
EndGlobal
